# This file is autogenerated, do not edit; changes may be undone by the next 'dep ensure'.


[[projects]]
  name = "github.com/frictionlessdata/tableschema-go"
  packages = ["schema","table"]
  revision = "3525b8723e57cdb156f6f4ceb89af902a0688af6"
  version = "v0.1.2"

[[projects]]
  name = "github.com/satori/go.uuid"
  packages = ["."]
  revision = "879c5887cd475cd7864858769793b2ceb0d44feb"
  version = "v1.1.0"

[solve-meta]
  analyzer-name = "dep"
  analyzer-version = 1
  inputs-digest = "f4bf49e0daa178ef1a518ee3ca158b4c0eb9efbd63a626b23669ee813caea6a5"
  solver-name = "gps-cdcl"
  solver-version = 1
