# This file is autogenerated, do not edit; changes may be undone by the next 'dep ensure'.


[[projects]]
  name = "github.com/frictionlessdata/tableschema-go"
  packages = ["csv","schema","table"]
  revision = "c105f74eee80d5b15bf53c6d44e70abdd9cebc14"
  version = "v0.1.1"

[[projects]]
  name = "github.com/satori/go.uuid"
  packages = ["."]
  revision = "879c5887cd475cd7864858769793b2ceb0d44feb"
  version = "v1.1.0"

[solve-meta]
  analyzer-name = "dep"
  analyzer-version = 1
  inputs-digest = "d8214350026b98815880ae9fbd4e6e288f7e47dc70bf6e8019825b85db75e6ae"
  solver-name = "gps-cdcl"
  solver-version = 1
