# This file is autogenerated, do not edit; changes may be undone by the next 'dep ensure'.


[[projects]]
  branch = "master"
  name = "github.com/frictionlessdata/tableschema-go"
  packages = ["csv","schema","table"]
  revision = "827e54cb7a1c93437d85868ee402ed2f16a34748"

[[projects]]
  name = "github.com/satori/go.uuid"
  packages = ["."]
  revision = "879c5887cd475cd7864858769793b2ceb0d44feb"
  version = "v1.1.0"

[solve-meta]
  analyzer-name = "dep"
  analyzer-version = 1
  inputs-digest = "811809182e7e2c3c3cc263b85c49abb2ec5cfd15dd58d2811ad7618651741d93"
  solver-name = "gps-cdcl"
  solver-version = 1
