# This file is autogenerated, do not edit; changes may be undone by the next 'dep ensure'.


[[projects]]
  name = "github.com/PuerkitoBio/goquery"
  packages = ["."]
  revision = "e1271ee34c6a305e38566ecd27ae374944907ee9"
  version = "v1.1.0"

[[projects]]
  branch = "master"
  name = "github.com/andybalholm/cascadia"
  packages = ["."]
  revision = "349dd0209470eabd9514242c688c403c0926d266"

[[projects]]
  branch = "master"
  name = "github.com/kazarena/json-gold"
  packages = ["ld"]
  revision = "ef687b2d9c3e50da2a842bc199e2364b1f0f4da6"

[[projects]]
  branch = "master"
  name = "golang.org/x/net"
  packages = ["html","html/atom"]
  revision = "a04bdaca5b32abe1c069418fb7088ae607de5bd0"

[solve-meta]
  analyzer-name = "dep"
  analyzer-version = 1
  inputs-digest = "c67a63965076914b05b71e9228dca286f4c5ffa289b7ccfcef82623d346b619e"
  solver-name = "gps-cdcl"
  solver-version = 1
